<?xml version="1.0" encoding="utf-8"?>
<Project ToolsVersion="4.0" xmlns="http://schemas.microsoft.com/developer/msbuild/2003">
  <ItemGroup>
    <ClCompile Include="GameObject.cpp">
      <Filter>GameObject</Filter>
    </ClCompile>
    <ClCompile Include="debug.cpp">
      <Filter>Header</Filter>
    </ClCompile>
    <ClCompile Include="Simon.cpp">
      <Filter>Player</Filter>
    </ClCompile>
    <ClCompile Include="Scene.cpp">
      <Filter>Scene</Filter>
    </ClCompile>
    <ClCompile Include="SceneGame.cpp">
      <Filter>Scene</Filter>
    </ClCompile>
    <ClCompile Include="SceneManager.cpp">
      <Filter>Scene</Filter>
    </ClCompile>
    <ClCompile Include="Camera.cpp">
      <Filter>Camera</Filter>
    </ClCompile>
    <ClCompile Include="Sprites.cpp">
      <Filter>Animation</Filter>
    </ClCompile>
    <ClCompile Include="Textures.cpp">
      <Filter>Animation</Filter>
    </ClCompile>
    <ClCompile Include="Game.cpp">
      <Filter>Header</Filter>
    </ClCompile>
    <ClCompile Include="Dragger.cpp">
      <Filter>GameObject\Weapon</Filter>
    </ClCompile>
    <ClCompile Include="Morningstar.cpp">
      <Filter>GameObject\Weapon</Filter>
    </ClCompile>
    <ClCompile Include="Weapon.cpp">
      <Filter>GameObject\Weapon</Filter>
    </ClCompile>
    <ClCompile Include="DSutil.cpp">
      <Filter>Sound</Filter>
    </ClCompile>
    <ClCompile Include="Ghost.cpp">
      <Filter>GameObject\Enemy</Filter>
    </ClCompile>
    <ClCompile Include="UpgradeWhip.cpp">
      <Filter>GameObject\Item</Filter>
    </ClCompile>
    <ClCompile Include="Item.cpp">
      <Filter>GameObject\Item</Filter>
    </ClCompile>
    <ClCompile Include="Torch.cpp">
      <Filter>GameObject\Object</Filter>
    </ClCompile>
    <ClCompile Include="Brick.cpp">
      <Filter>GameObject\Object</Filter>
    </ClCompile>
    <ClCompile Include="dxutil.cpp">
      <Filter>Sound</Filter>
    </ClCompile>
    <ClCompile Include="Sound.cpp">
      <Filter>Sound</Filter>
    </ClCompile>
    <ClCompile Include="Board.cpp">
      <Filter>Board</Filter>
    </ClCompile>
    <ClCompile Include="Heart.cpp">
      <Filter>GameObject\Item</Filter>
    </ClCompile>
    <ClCompile Include="Map.cpp">
      <Filter>Map</Filter>
    </ClCompile>
    <ClCompile Include="Grid.cpp">
      <Filter>Grid</Filter>
    </ClCompile>
    <ClCompile Include="Effect.cpp">
      <Filter>Effect</Filter>
    </ClCompile>
    <ClCompile Include="Hit.cpp">
      <Filter>Effect</Filter>
    </ClCompile>
    <ClCompile Include="Burn.cpp">
      <Filter>Effect</Filter>
    </ClCompile>
    <ClCompile Include="HidenObj.cpp">
      <Filter>GameObject\Object</Filter>
    </ClCompile>
    <ClCompile Include="StairBottom.cpp">
      <Filter>GameObject\Object</Filter>
    </ClCompile>
    <ClCompile Include="StairObject.cpp">
      <Filter>GameObject\Object</Filter>
    </ClCompile>
    <ClCompile Include="StairTop.cpp">
      <Filter>GameObject\Object</Filter>
    </ClCompile>
    <ClCompile Include="Bone.cpp">
      <Filter>GameObject\Enemy</Filter>
    </ClCompile>
    <ClCompile Include="Enemy.cpp">
      <Filter>GameObject\Enemy</Filter>
    </ClCompile>
    <ClCompile Include="Skeleton.cpp">
      <Filter>GameObject\Enemy</Filter>
    </ClCompile>
    <ClCompile Include="Fleaman.cpp">
      <Filter>GameObject\Enemy</Filter>
    </ClCompile>
    <ClCompile Include="Knight.cpp">
      <Filter>GameObject\Enemy</Filter>
    </ClCompile>
    <ClCompile Include="Raven.cpp">
      <Filter>GameObject\Enemy</Filter>
    </ClCompile>
    <ClCompile Include="Bat.cpp">
      <Filter>GameObject\Enemy</Filter>
    </ClCompile>
    <ClCompile Include="main.cpp">
      <Filter>Header</Filter>
    </ClCompile>
    <ClCompile Include="Alien.cpp">
      <Filter>GameObject\Enemy</Filter>
    </ClCompile>
    <ClCompile Include="Elevator.cpp">
      <Filter>GameObject\Object</Filter>
    </ClCompile>
    <ClCompile Include="Candle.cpp">
      <Filter>GameObject\Object</Filter>
    </ClCompile>
    <ClCompile Include="Cross.cpp">
      <Filter>GameObject\Weapon</Filter>
    </ClCompile>
    <ClCompile Include="HolyWater.cpp">
      <Filter>GameObject\Weapon</Filter>
    </ClCompile>
    <ClCompile Include="StopWatch.cpp">
      <Filter>GameObject\Weapon</Filter>
    </ClCompile>
    <ClCompile Include="ThrowingAxe.cpp">
      <Filter>GameObject\Weapon</Filter>
    </ClCompile>
    <ClCompile Include="DoubleShot.cpp">
      <Filter>GameObject\Item</Filter>
    </ClCompile>
    <ClCompile Include="TripleShot.cpp">
      <Filter>GameObject\Item</Filter>
    </ClCompile>
    <ClCompile Include="ForkChop.cpp">
      <Filter>GameObject\Item</Filter>
    </ClCompile>
    <ClCompile Include="InvisibilityPotion.cpp">
      <Filter>GameObject\Item</Filter>
    </ClCompile>
    <ClCompile Include="Rosary.cpp">
      <Filter>GameObject\Item</Filter>
    </ClCompile>
    <ClCompile Include="MagicCrystal.cpp">
      <Filter>GameObject\Item</Filter>
    </ClCompile>
    <ClCompile Include="BrokenBrick.cpp">
      <Filter>Effect</Filter>
    </ClCompile>
    <ClCompile Include="Crown.cpp">
      <Filter>GameObject\Item</Filter>
    </ClCompile>
    <ClCompile Include="MoneyBag.cpp">
      <Filter>GameObject\Item</Filter>
    </ClCompile>
    <ClCompile Include="SecretBrick.cpp">
      <Filter>GameObject\Object</Filter>
    </ClCompile>
    <ClCompile Include="SceneIntro.cpp">
      <Filter>Scene</Filter>
    </ClCompile>
    <ClCompile Include="Treasure.cpp">
      <Filter>GameObject\Item</Filter>
    </ClCompile>
    <ClCompile Include="MenuBat.cpp">
      <Filter>GameObject\Object</Filter>
    </ClCompile>
    <ClCompile Include="StarShip.cpp">
      <Filter>GameObject\Object</Filter>
    </ClCompile>
    <ClCompile Include="IntroBat.cpp">
      <Filter>GameObject\Object</Filter>
    </ClCompile>
    <ClCompile Include="Font.cpp">
      <Filter>Font</Filter>
    </ClCompile>
    <ClCompile Include="BigBat.cpp">
      <Filter>GameObject\Enemy</Filter>
    </ClCompile>
    <ClCompile Include="FireBall.cpp" />
  </ItemGroup>
  <ItemGroup>
    <ClInclude Include="GameObject.h">
      <Filter>GameObject</Filter>
    </ClInclude>
    <ClInclude Include="debug.h">
      <Filter>Header</Filter>
    </ClInclude>
    <ClInclude Include="define.h">
      <Filter>Header</Filter>
    </ClInclude>
    <ClInclude Include="Simon.h">
      <Filter>Player</Filter>
    </ClInclude>
    <ClInclude Include="Scene.h">
      <Filter>Scene</Filter>
    </ClInclude>
    <ClInclude Include="SceneGame.h">
      <Filter>Scene</Filter>
    </ClInclude>
    <ClInclude Include="SceneManager.h">
      <Filter>Scene</Filter>
    </ClInclude>
    <ClInclude Include="Camera.h">
      <Filter>Camera</Filter>
    </ClInclude>
    <ClInclude Include="Sprites.h">
      <Filter>Animation</Filter>
    </ClInclude>
    <ClInclude Include="Textures.h">
      <Filter>Animation</Filter>
    </ClInclude>
    <ClInclude Include="Game.h">
      <Filter>Header</Filter>
    </ClInclude>
    <ClInclude Include="Dragger.h">
      <Filter>GameObject\Weapon</Filter>
    </ClInclude>
    <ClInclude Include="Morningstar.h">
      <Filter>GameObject\Weapon</Filter>
    </ClInclude>
    <ClInclude Include="Weapon.h">
      <Filter>GameObject\Weapon</Filter>
    </ClInclude>
    <ClInclude Include="DSutil.h">
      <Filter>Sound</Filter>
    </ClInclude>
    <ClInclude Include="Ghost.h">
      <Filter>GameObject\Enemy</Filter>
    </ClInclude>
    <ClInclude Include="UpgradeWhip.h">
      <Filter>GameObject\Item</Filter>
    </ClInclude>
    <ClInclude Include="Item.h">
      <Filter>GameObject\Item</Filter>
    </ClInclude>
    <ClInclude Include="Torch.h">
      <Filter>GameObject\Object</Filter>
    </ClInclude>
    <ClInclude Include="Brick.h">
      <Filter>GameObject\Object</Filter>
    </ClInclude>
    <ClInclude Include="dxutil.h">
      <Filter>Sound</Filter>
    </ClInclude>
    <ClInclude Include="Sound.h">
      <Filter>Sound</Filter>
    </ClInclude>
    <ClInclude Include="Board.h">
      <Filter>Board</Filter>
    </ClInclude>
    <ClInclude Include="Heart.h">
      <Filter>GameObject\Item</Filter>
    </ClInclude>
    <ClInclude Include="Map.h">
      <Filter>Map</Filter>
    </ClInclude>
    <ClInclude Include="Grid.h">
      <Filter>Grid</Filter>
    </ClInclude>
    <ClInclude Include="Effect.h">
      <Filter>Effect</Filter>
    </ClInclude>
    <ClInclude Include="Hit.h">
      <Filter>Effect</Filter>
    </ClInclude>
    <ClInclude Include="Burn.h">
      <Filter>Effect</Filter>
    </ClInclude>
    <ClInclude Include="HidenObj.h">
      <Filter>GameObject\Object</Filter>
    </ClInclude>
    <ClInclude Include="StairBottom.h">
      <Filter>GameObject\Object</Filter>
    </ClInclude>
    <ClInclude Include="StairObject.h">
      <Filter>GameObject\Object</Filter>
    </ClInclude>
    <ClInclude Include="StairTop.h">
      <Filter>GameObject\Object</Filter>
    </ClInclude>
    <ClInclude Include="Bone.h">
      <Filter>GameObject\Enemy</Filter>
    </ClInclude>
    <ClInclude Include="Enemy.h">
      <Filter>GameObject\Enemy</Filter>
    </ClInclude>
    <ClInclude Include="Skeleton.h">
      <Filter>GameObject\Enemy</Filter>
    </ClInclude>
    <ClInclude Include="Fleaman.h">
      <Filter>GameObject\Enemy</Filter>
    </ClInclude>
    <ClInclude Include="Knight.h">
      <Filter>GameObject\Enemy</Filter>
    </ClInclude>
    <ClInclude Include="Raven.h">
      <Filter>GameObject\Enemy</Filter>
    </ClInclude>
    <ClInclude Include="Bat.h">
      <Filter>GameObject\Enemy</Filter>
    </ClInclude>
    <ClInclude Include="Alien.h">
      <Filter>GameObject\Enemy</Filter>
    </ClInclude>
    <ClInclude Include="Elevator.h">
      <Filter>GameObject\Object</Filter>
    </ClInclude>
    <ClInclude Include="Candle.h">
      <Filter>GameObject\Object</Filter>
    </ClInclude>
    <ClInclude Include="Cross.h">
      <Filter>GameObject\Weapon</Filter>
    </ClInclude>
    <ClInclude Include="HolyWater.h">
      <Filter>GameObject\Weapon</Filter>
    </ClInclude>
    <ClInclude Include="StopWatch.h">
      <Filter>GameObject\Weapon</Filter>
    </ClInclude>
    <ClInclude Include="ThrowingAxe.h">
      <Filter>GameObject\Weapon</Filter>
    </ClInclude>
    <ClInclude Include="DoubleShot.h">
      <Filter>GameObject\Item</Filter>
    </ClInclude>
    <ClInclude Include="TripleShot.h">
      <Filter>GameObject\Item</Filter>
    </ClInclude>
    <ClInclude Include="ForkChop.h">
      <Filter>GameObject\Item</Filter>
    </ClInclude>
    <ClInclude Include="InvisibilityPotion.h">
      <Filter>GameObject\Item</Filter>
    </ClInclude>
    <ClInclude Include="Rosary.h">
      <Filter>GameObject\Item</Filter>
    </ClInclude>
    <ClInclude Include="MagicCrystal.h">
      <Filter>GameObject\Item</Filter>
    </ClInclude>
    <ClInclude Include="BrokenBrick.h">
      <Filter>Effect</Filter>
    </ClInclude>
    <ClInclude Include="Crown.h">
      <Filter>GameObject\Item</Filter>
    </ClInclude>
    <ClInclude Include="MoneyBag.h">
      <Filter>GameObject\Item</Filter>
    </ClInclude>
    <ClInclude Include="SecretBrick.h">
      <Filter>GameObject\Object</Filter>
    </ClInclude>
    <ClInclude Include="SceneIntro.h">
      <Filter>Scene</Filter>
    </ClInclude>
    <ClInclude Include="Treasure.h">
      <Filter>GameObject\Item</Filter>
    </ClInclude>
    <ClInclude Include="MenuBat.h">
      <Filter>GameObject\Object</Filter>
    </ClInclude>
    <ClInclude Include="StarShip.h">
      <Filter>GameObject\Object</Filter>
    </ClInclude>
    <ClInclude Include="IntroBat.h">
      <Filter>GameObject\Object</Filter>
    </ClInclude>
    <ClInclude Include="Font.h">
      <Filter>Font</Filter>
    </ClInclude>
    <ClInclude Include="BigBat.h">
      <Filter>GameObject\Enemy</Filter>
    </ClInclude>
    <ClInclude Include="FireBall.h" />
  </ItemGroup>
  <ItemGroup>
    <Image Include="textures\brick.png">
      <Filter>Resources</Filter>
    </Image>
    <Image Include="textures\map1tile.png">
      <Filter>Resources</Filter>
    </Image>
    <Image Include="textures\simon.png">
      <Filter>Resources</Filter>
    </Image>
  </ItemGroup>
  <ItemGroup>
    <Filter Include="GameObject">
      <UniqueIdentifier>{f0fbc971-9f40-4fe0-9c0b-22262ff5d6ff}</UniqueIdentifier>
    </Filter>
    <Filter Include="Resources">
      <UniqueIdentifier>{fac4cee4-f043-4871-8ab4-d5ab8677e501}</UniqueIdentifier>
    </Filter>
    <Filter Include="Header">
      <UniqueIdentifier>{52ea7772-9be9-4bb8-af38-043c51b40dd2}</UniqueIdentifier>
    </Filter>
    <Filter Include="Player">
      <UniqueIdentifier>{bb48a572-b13e-4405-a657-30111be4ffd5}</UniqueIdentifier>
    </Filter>
    <Filter Include="Scene">
      <UniqueIdentifier>{6f00ccc7-ac23-45be-858a-eb6145c9da32}</UniqueIdentifier>
    </Filter>
    <Filter Include="Camera">
      <UniqueIdentifier>{2093c4d5-f41d-41c7-a8b8-48b1b82bb7cd}</UniqueIdentifier>
    </Filter>
    <Filter Include="Animation">
      <UniqueIdentifier>{410bcfc5-9517-4ce5-b4c8-3478c8c7443f}</UniqueIdentifier>
    </Filter>
    <Filter Include="Sound">
      <UniqueIdentifier>{707478df-8892-4514-a907-90d5f4ead765}</UniqueIdentifier>
    </Filter>
    <Filter Include="GameObject\Enemy">
      <UniqueIdentifier>{0af72f72-0c92-42d0-b03c-f0b4618a613f}</UniqueIdentifier>
    </Filter>
    <Filter Include="GameObject\Item">
      <UniqueIdentifier>{658556cd-abf4-40f3-acc0-a94f2bffb45c}</UniqueIdentifier>
    </Filter>
    <Filter Include="GameObject\Object">
      <UniqueIdentifier>{222fe58d-d4db-4221-bfd5-8cb71729e7ab}</UniqueIdentifier>
    </Filter>
    <Filter Include="GameObject\Weapon">
      <UniqueIdentifier>{4b7d2486-7d18-4abc-b329-f6ae45257dcf}</UniqueIdentifier>
    </Filter>
    <Filter Include="Board">
      <UniqueIdentifier>{1bfbd90b-827a-4101-b4a0-9e248367a0a6}</UniqueIdentifier>
    </Filter>
    <Filter Include="Map">
      <UniqueIdentifier>{04ec25e9-87aa-4d67-b629-6460201fe9c9}</UniqueIdentifier>
    </Filter>
    <Filter Include="Grid">
      <UniqueIdentifier>{d1f00a9a-52c6-4871-863f-19a150633757}</UniqueIdentifier>
    </Filter>
    <Filter Include="Effect">
      <UniqueIdentifier>{df34f80b-69c7-4ba0-9540-711d37b3079b}</UniqueIdentifier>
    </Filter>
    <Filter Include="Font">
      <UniqueIdentifier>{28e43675-d721-4d81-8c00-b9c43b84d14a}</UniqueIdentifier>
    </Filter>
  </ItemGroup>
</Project>